// !$*UTF8*$!
{
	archiveVersion = 1;
	classes = {
	};
	objectVersion = 50;
	objects = {

/* Begin PBXBuildFile section */
		A604918489FBE38FE8084E55 /* Pods_hellofirebase01.framework in Frameworks */ = {isa = PBXBuildFile; fileRef = 16DF61637B4364A6E5933087 /* Pods_hellofirebase01.framework */; };
		BAFE0C3323A47CD30033C39A /* AppDelegate.swift in Sources */ = {isa = PBXBuildFile; fileRef = BAFE0C3223A47CD30033C39A /* AppDelegate.swift */; };
		BAFE0C3523A47CD30033C39A /* SceneDelegate.swift in Sources */ = {isa = PBXBuildFile; fileRef = BAFE0C3423A47CD30033C39A /* SceneDelegate.swift */; };
		BAFE0C3723A47CD30033C39A /* ViewController.swift in Sources */ = {isa = PBXBuildFile; fileRef = BAFE0C3623A47CD30033C39A /* ViewController.swift */; };
		BAFE0C3A23A47CD30033C39A /* Main.storyboard in Resources */ = {isa = PBXBuildFile; fileRef = BAFE0C3823A47CD30033C39A /* Main.storyboard */; };
		BAFE0C3C23A47CD50033C39A /* Assets.xcassets in Resources */ = {isa = PBXBuildFile; fileRef = BAFE0C3B23A47CD50033C39A /* Assets.xcassets */; };
		BAFE0C3F23A47CD50033C39A /* LaunchScreen.storyboard in Resources */ = {isa = PBXBuildFile; fileRef = BAFE0C3D23A47CD50033C39A /* LaunchScreen.storyboard */; };
		BAFE0C4923A47DF80033C39A /* GoogleService-Info.plist in Resources */ = {isa = PBXBuildFile; fileRef = BAFE0C4823A47DF80033C39A /* GoogleService-Info.plist */; };
/* End PBXBuildFile section */

/* Begin PBXFileReference section */
		16DF61637B4364A6E5933087 /* Pods_hellofirebase01.framework */ = {isa = PBXFileReference; explicitFileType = wrapper.framework; includeInIndex = 0; path = Pods_hellofirebase01.framework; sourceTree = BUILT_PRODUCTS_DIR; };
		58D3C406F2511E8E55F1CA41 /* Pods-hellofirebase01.release.xcconfig */ = {isa = PBXFileReference; includeInIndex = 1; lastKnownFileType = text.xcconfig; name = "Pods-hellofirebase01.release.xcconfig"; path = "Target Support Files/Pods-hellofirebase01/Pods-hellofirebase01.release.xcconfig"; sourceTree = "<group>"; };
		678A235F6BEE7EE5E3CCA651 /* Pods-hellofirebase01.debug.xcconfig */ = {isa = PBXFileReference; includeInIndex = 1; lastKnownFileType = text.xcconfig; name = "Pods-hellofirebase01.debug.xcconfig"; path = "Target Support Files/Pods-hellofirebase01/Pods-hellofirebase01.debug.xcconfig"; sourceTree = "<group>"; };
		BAFE0C2F23A47CD30033C39A /* hellofirebase01.app */ = {isa = PBXFileReference; explicitFileType = wrapper.application; includeInIndex = 0; path = hellofirebase01.app; sourceTree = BUILT_PRODUCTS_DIR; };
		BAFE0C3223A47CD30033C39A /* AppDelegate.swift */ = {isa = PBXFileReference; lastKnownFileType = sourcecode.swift; path = AppDelegate.swift; sourceTree = "<group>"; };
		BAFE0C3423A47CD30033C39A /* SceneDelegate.swift */ = {isa = PBXFileReference; lastKnownFileType = sourcecode.swift; path = SceneDelegate.swift; sourceTree = "<group>"; };
		BAFE0C3623A47CD30033C39A /* ViewController.swift */ = {isa = PBXFileReference; lastKnownFileType = sourcecode.swift; path = ViewController.swift; sourceTree = "<group>"; };
		BAFE0C3923A47CD30033C39A /* Base */ = {isa = PBXFileReference; lastKnownFileType = file.storyboard; name = Base; path = Base.lproj/Main.storyboard; sourceTree = "<group>"; };
		BAFE0C3B23A47CD50033C39A /* Assets.xcassets */ = {isa = PBXFileReference; lastKnownFileType = folder.assetcatalog; path = Assets.xcassets; sourceTree = "<group>"; };
		BAFE0C3E23A47CD50033C39A /* Base */ = {isa = PBXFileReference; lastKnownFileType = file.storyboard; name = Base; path = Base.lproj/LaunchScreen.storyboard; sourceTree = "<group>"; };
		BAFE0C4023A47CD50033C39A /* Info.plist */ = {isa = PBXFileReference; lastKnownFileType = text.plist.xml; path = Info.plist; sourceTree = "<group>"; };
		BAFE0C4823A47DF80033C39A /* GoogleService-Info.plist */ = {isa = PBXFileReference; fileEncoding = 4; lastKnownFileType = text.plist.xml; path = "GoogleService-Info.plist"; sourceTree = "<group>"; };
/* End PBXFileReference section */

/* Begin PBXFrameworksBuildPhase section */
		BAFE0C2C23A47CD30033C39A /* Frameworks */ = {
			isa = PBXFrameworksBuildPhase;
			buildActionMask = 2147483647;
			files = (
				A604918489FBE38FE8084E55 /* Pods_hellofirebase01.framework in Frameworks */,
			);
			runOnlyForDeploymentPostprocessing = 0;
		};
/* End PBXFrameworksBuildPhase section */

/* Begin PBXGroup section */
		2C875D48786FC97F2CBA5DE3 /* Pods */ = {
			isa = PBXGroup;
			children = (
				678A235F6BEE7EE5E3CCA651 /* Pods-hellofirebase01.debug.xcconfig */,
				58D3C406F2511E8E55F1CA41 /* Pods-hellofirebase01.release.xcconfig */,
			);
			name = Pods;
			path = Pods;
			sourceTree = "<group>";
		};
		5AAAF0EE3F9D6717A02B28D8 /* Frameworks */ = {
			isa = PBXGroup;
			children = (
				16DF61637B4364A6E5933087 /* Pods_hellofirebase01.framework */,
			);
			name = Frameworks;
			sourceTree = "<group>";
		};
		BAFE0C2623A47CD30033C39A = {
			isa = PBXGroup;
			children = (
				BAFE0C3123A47CD30033C39A /* hellofirebase01 */,
				BAFE0C3023A47CD30033C39A /* Products */,
				2C875D48786FC97F2CBA5DE3 /* Pods */,
				5AAAF0EE3F9D6717A02B28D8 /* Frameworks */,
			);
			sourceTree = "<group>";
		};
		BAFE0C3023A47CD30033C39A /* Products */ = {
			isa = PBXGroup;
			children = (
				BAFE0C2F23A47CD30033C39A /* hellofirebase01.app */,
			);
			name = Products;
			sourceTree = "<group>";
		};
		BAFE0C3123A47CD30033C39A /* hellofirebase01 */ = {
			isa = PBXGroup;
			children = (
				BAFE0C3223A47CD30033C39A /* AppDelegate.swift */,
				BAFE0C3423A47CD30033C39A /* SceneDelegate.swift */,
				BAFE0C4823A47DF80033C39A /* GoogleService-Info.plist */,
				BAFE0C3623A47CD30033C39A /* ViewController.swift */,
				BAFE0C3823A47CD30033C39A /* Main.storyboard */,
				BAFE0C3B23A47CD50033C39A /* Assets.xcassets */,
				BAFE0C3D23A47CD50033C39A /* LaunchScreen.storyboard */,
				BAFE0C4023A47CD50033C39A /* Info.plist */,
			);
			path = hellofirebase01;
			sourceTree = "<group>";
		};
/* End PBXGroup section */

/* Begin PBXNativeTarget section */
		BAFE0C2E23A47CD30033C39A /* hellofirebase01 */ = {
			isa = PBXNativeTarget;
			buildConfigurationList = BAFE0C4323A47CD50033C39A /* Build configuration list for PBXNativeTarget "hellofirebase01" */;
			buildPhases = (
				8374066048CAF5D83FF070A6 /* [CP] Check Pods Manifest.lock */,
				BAFE0C2B23A47CD30033C39A /* Sources */,
				BAFE0C2C23A47CD30033C39A /* Frameworks */,
				BAFE0C2D23A47CD30033C39A /* Resources */,
				A4AA354E0B218D8A6241DDD9 /* [CP] Embed Pods Frameworks */,
			);
			buildRules = (
			);
			dependencies = (
			);
			name = hellofirebase01;
			productName = hellofirebase01;
			productReference = BAFE0C2F23A47CD30033C39A /* hellofirebase01.app */;
			productType = "com.apple.product-type.application";
		};
/* End PBXNativeTarget section */

/* Begin PBXProject section */
		BAFE0C2723A47CD30033C39A /* Project object */ = {
			isa = PBXProject;
			attributes = {
				LastSwiftUpdateCheck = 1120;
				LastUpgradeCheck = 1120;
				ORGANIZATIONNAME = "申潤五";
				TargetAttributes = {
					BAFE0C2E23A47CD30033C39A = {
						CreatedOnToolsVersion = 11.2.1;
					};
				};
			};
			buildConfigurationList = BAFE0C2A23A47CD30033C39A /* Build configuration list for PBXProject "hellofirebase01" */;
			compatibilityVersion = "Xcode 9.3";
			developmentRegion = en;
			hasScannedForEncodings = 0;
			knownRegions = (
				en,
				Base,
			);
			mainGroup = BAFE0C2623A47CD30033C39A;
			productRefGroup = BAFE0C3023A47CD30033C39A /* Products */;
			projectDirPath = "";
			projectRoot = "";
			targets = (
				BAFE0C2E23A47CD30033C39A /* hellofirebase01 */,
			);
		};
/* End PBXProject section */

/* Begin PBXResourcesBuildPhase section */
		BAFE0C2D23A47CD30033C39A /* Resources */ = {
			isa = PBXResourcesBuildPhase;
			buildActionMask = 2147483647;
			files = (
				BAFE0C3F23A47CD50033C39A /* LaunchScreen.storyboard in Resources */,
				BAFE0C4923A47DF80033C39A /* GoogleService-Info.plist in Resources */,
				BAFE0C3C23A47CD50033C39A /* Assets.xcassets in Resources */,
				BAFE0C3A23A47CD30033C39A /* Main.storyboard in Resources */,
			);
			runOnlyForDeploymentPostprocessing = 0;
		};
/* End PBXResourcesBuildPhase section */

/* Begin PBXShellScriptBuildPhase section */
		8374066048CAF5D83FF070A6 /* [CP] Check Pods Manifest.lock */ = {
			isa = PBXShellScriptBuildPhase;
			buildActionMask = 2147483647;
			files = (
			);
			inputFileListPaths = (
			);
			inputPaths = (
				"${PODS_PODFILE_DIR_PATH}/Podfile.lock",
				"${PODS_ROOT}/Manifest.lock",
			);
			name = "[CP] Check Pods Manifest.lock";
			outputFileListPaths = (
			);
			outputPaths = (
				"$(DERIVED_FILE_DIR)/Pods-hellofirebase01-checkManifestLockResult.txt",
			);
			runOnlyForDeploymentPostprocessing = 0;
			shellPath = /bin/sh;
			shellScript = "diff \"${PODS_PODFILE_DIR_PATH}/Podfile.lock\" \"${PODS_ROOT}/Manifest.lock\" > /dev/null\nif [ $? != 0 ] ; then\n    # print error to STDERR\n    echo \"error: The sandbox is not in sync with the Podfile.lock. Run 'pod install' or update your CocoaPods installation.\" >&2\n    exit 1\nfi\n# This output is used by Xcode 'outputs' to avoid re-running this script phase.\necho \"SUCCESS\" > \"${SCRIPT_OUTPUT_FILE_0}\"\n";
			showEnvVarsInLog = 0;
		};
		A4AA354E0B218D8A6241DDD9 /* [CP] Embed Pods Frameworks */ = {
			isa = PBXShellScriptBuildPhase;
			buildActionMask = 2147483647;
			files = (
			);
			inputFileListPaths = (
				"${PODS_ROOT}/Target Support Files/Pods-hellofirebase01/Pods-hellofirebase01-frameworks-${CONFIGURATION}-input-files.xcfilelist",
			);
			name = "[CP] Embed Pods Frameworks";
			outputFileListPaths = (
				"${PODS_ROOT}/Target Support Files/Pods-hellofirebase01/Pods-hellofirebase01-frameworks-${CONFIGURATION}-output-files.xcfilelist",
			);
			runOnlyForDeploymentPostprocessing = 0;
			shellPath = /bin/sh;
			shellScript = "\"${PODS_ROOT}/Target Support Files/Pods-hellofirebase01/Pods-hellofirebase01-frameworks.sh\"\n";
			showEnvVarsInLog = 0;
		};
/* End PBXShellScriptBuildPhase section */

/* Begin PBXSourcesBuildPhase section */
		BAFE0C2B23A47CD30033C39A /* Sources */ = {
			isa = PBXSourcesBuildPhase;
			buildActionMask = 2147483647;
			files = (
				BAFE0C3723A47CD30033C39A /* ViewController.swift in Sources */,
				BAFE0C3323A47CD30033C39A /* AppDelegate.swift in Sources */,
				BAFE0C3523A47CD30033C39A /* SceneDelegate.swift in Sources */,
			);
			runOnlyForDeploymentPostprocessing = 0;
		};
/* End PBXSourcesBuildPhase section */

/* Begin PBXVariantGroup section */
		BAFE0C3823A47CD30033C39A /* Main.storyboard */ = {
			isa = PBXVariantGroup;
			children = (
				BAFE0C3923A47CD30033C39A /* Base */,
			);
			name = Main.storyboard;
			sourceTree = "<group>";
		};
		BAFE0C3D23A47CD50033C39A /* LaunchScreen.storyboard */ = {
			isa = PBXVariantGroup;
			children = (
				BAFE0C3E23A47CD50033C39A /* Base */,
			);
			name = LaunchScreen.storyboard;
			sourceTree = "<group>";
		};
/* End PBXVariantGroup section */

/* Begin XCBuildConfiguration section */
		BAFE0C4123A47CD50033C39A /* Debug */ = {
			isa = XCBuildConfiguration;
			buildSettings = {
				ALWAYS_SEARCH_USER_PATHS = NO;
				CLANG_ANALYZER_NONNULL = YES;
				CLANG_ANALYZER_NUMBER_OBJECT_CONVERSION = YES_AGGRESSIVE;
				CLANG_CXX_LANGUAGE_STANDARD = "gnu++14";
				CLANG_CXX_LIBRARY = "libc++";
				CLANG_ENABLE_MODULES = YES;
				CLANG_ENABLE_OBJC_ARC = YES;
				CLANG_ENABLE_OBJC_WEAK = YES;
				CLANG_WARN_BLOCK_CAPTURE_AUTORELEASING = YES;
				CLANG_WARN_BOOL_CONVERSION = YES;
				CLANG_WARN_COMMA = YES;
				CLANG_WARN_CONSTANT_CONVERSION = YES;
				CLANG_WARN_DEPRECATED_OBJC_IMPLEMENTATIONS = YES;
				CLANG_WARN_DIRECT_OBJC_ISA_USAGE = YES_ERROR;
				CLANG_WARN_DOCUMENTATION_COMMENTS = YES;
				CLANG_WARN_EMPTY_BODY = YES;
				CLANG_WARN_ENUM_CONVERSION = YES;
				CLANG_WARN_INFINITE_RECURSION = YES;
				CLANG_WARN_INT_CONVERSION = YES;
				CLANG_WARN_NON_LITERAL_NULL_CONVERSION = YES;
				CLANG_WARN_OBJC_IMPLICIT_RETAIN_SELF = YES;
				CLANG_WARN_OBJC_LITERAL_CONVERSION = YES;
				CLANG_WARN_OBJC_ROOT_CLASS = YES_ERROR;
				CLANG_WARN_RANGE_LOOP_ANALYSIS = YES;
				CLANG_WARN_STRICT_PROTOTYPES = YES;
				CLANG_WARN_SUSPICIOUS_MOVE = YES;
				CLANG_WARN_UNGUARDED_AVAILABILITY = YES_AGGRESSIVE;
				CLANG_WARN_UNREACHABLE_CODE = YES;
				CLANG_WARN__DUPLICATE_METHOD_MATCH = YES;
				COPY_PHASE_STRIP = NO;
				DEBUG_INFORMATION_FORMAT = dwarf;
				ENABLE_STRICT_OBJC_MSGSEND = YES;
				ENABLE_TESTABILITY = YES;
				GCC_C_LANGUAGE_STANDARD = gnu11;
				GCC_DYNAMIC_NO_PIC = NO;
				GCC_NO_COMMON_BLOCKS = YES;
				GCC_OPTIMIZATION_LEVEL = 0;
				GCC_PREPROCESSOR_DEFINITIONS = (
					"DEBUG=1",
					"$(inherited)",
				);
				GCC_WARN_64_TO_32_BIT_CONVERSION = YES;
				GCC_WARN_ABOUT_RETURN_TYPE = YES_ERROR;
				GCC_WARN_UNDECLARED_SELECTOR = YES;
				GCC_WARN_UNINITIALIZED_AUTOS = YES_AGGRESSIVE;
				GCC_WARN_UNUSED_FUNCTION = YES;
				GCC_WARN_UNUSED_VARIABLE = YES;
				IPHONEOS_DEPLOYMENT_TARGET = 13.2;
				MTL_ENABLE_DEBUG_INFO = INCLUDE_SOURCE;
				MTL_FAST_MATH = YES;
				ONLY_ACTIVE_ARCH = YES;
				SDKROOT = iphoneos;
				SWIFT_ACTIVE_COMPILATION_CONDITIONS = DEBUG;
				SWIFT_OPTIMIZATION_LEVEL = "-Onone";
			};
			name = Debug;
		};
		BAFE0C4223A47CD50033C39A /* Release */ = {
			isa = XCBuildConfiguration;
			buildSettings = {
				ALWAYS_SEARCH_USER_PATHS = NO;
				CLANG_ANALYZER_NONNULL = YES;
				CLANG_ANALYZER_NUMBER_OBJECT_CONVERSION = YES_AGGRESSIVE;
				CLANG_CXX_LANGUAGE_STANDARD = "gnu++14";
				CLANG_CXX_LIBRARY = "libc++";
				CLANG_ENABLE_MODULES = YES;
				CLANG_ENABLE_OBJC_ARC = YES;
				CLANG_ENABLE_OBJC_WEAK = YES;
				CLANG_WARN_BLOCK_CAPTURE_AUTORELEASING = YES;
				CLANG_WARN_BOOL_CONVERSION = YES;
				CLANG_WARN_COMMA = YES;
				CLANG_WARN_CONSTANT_CONVERSION = YES;
				CLANG_WARN_DEPRECATED_OBJC_IMPLEMENTATIONS = YES;
				CLANG_WARN_DIRECT_OBJC_ISA_USAGE = YES_ERROR;
				CLANG_WARN_DOCUMENTATION_COMMENTS = YES;
				CLANG_WARN_EMPTY_BODY = YES;
				CLANG_WARN_ENUM_CONVERSION = YES;
				CLANG_WARN_INFINITE_RECURSION = YES;
				CLANG_WARN_INT_CONVERSION = YES;
				CLANG_WARN_NON_LITERAL_NULL_CONVERSION = YES;
				CLANG_WARN_OBJC_IMPLICIT_RETAIN_SELF = YES;
				CLANG_WARN_OBJC_LITERAL_CONVERSION = YES;
				CLANG_WARN_OBJC_ROOT_CLASS = YES_ERROR;
				CLANG_WARN_RANGE_LOOP_ANALYSIS = YES;
				CLANG_WARN_STRICT_PROTOTYPES = YES;
				CLANG_WARN_SUSPICIOUS_MOVE = YES;
				CLANG_WARN_UNGUARDED_AVAILABILITY = YES_AGGRESSIVE;
				CLANG_WARN_UNREACHABLE_CODE = YES;
				CLANG_WARN__DUPLICATE_METHOD_MATCH = YES;
				COPY_PHASE_STRIP = NO;
				DEBUG_INFORMATION_FORMAT = "dwarf-with-dsym";
				ENABLE_NS_ASSERTIONS = NO;
				ENABLE_STRICT_OBJC_MSGSEND = YES;
				GCC_C_LANGUAGE_STANDARD = gnu11;
				GCC_NO_COMMON_BLOCKS = YES;
				GCC_WARN_64_TO_32_BIT_CONVERSION = YES;
				GCC_WARN_ABOUT_RETURN_TYPE = YES_ERROR;
				GCC_WARN_UNDECLARED_SELECTOR = YES;
				GCC_WARN_UNINITIALIZED_AUTOS = YES_AGGRESSIVE;
				GCC_WARN_UNUSED_FUNCTION = YES;
				GCC_WARN_UNUSED_VARIABLE = YES;
				IPHONEOS_DEPLOYMENT_TARGET = 13.2;
				MTL_ENABLE_DEBUG_INFO = NO;
				MTL_FAST_MATH = YES;
				SDKROOT = iphoneos;
				SWIFT_COMPILATION_MODE = wholemodule;
				SWIFT_OPTIMIZATION_LEVEL = "-O";
				VALIDATE_PRODUCT = YES;
			};
			name = Release;
		};
		BAFE0C4423A47CD50033C39A /* Debug */ = {
			isa = XCBuildConfiguration;
			baseConfigurationReference = 678A235F6BEE7EE5E3CCA651 /* Pods-hellofirebase01.debug.xcconfig */;
			buildSettings = {
				ASSETCATALOG_COMPILER_APPICON_NAME = AppIcon;
				CODE_SIGN_STYLE = Automatic;
				DEVELOPMENT_TEAM = XSVW22JPST;
				INFOPLIST_FILE = hellofirebase01/Info.plist;
				LD_RUNPATH_SEARCH_PATHS = (
					"$(inherited)",
					"@executable_path/Frameworks",
				);
				PRODUCT_BUNDLE_IDENTIFIER = idev.sjw.hellofirebase01;
				PRODUCT_NAME = "$(TARGET_NAME)";
				SWIFT_VERSION = 5.0;
				TARGETED_DEVICE_FAMILY = "1,2";
			};
			name = Debug;
		};
		BAFE0C4523A47CD50033C39A /* Release */ = {
			isa = XCBuildConfiguration;
			baseConfigurationReference = 58D3C406F2511E8E55F1CA41 /* Pods-hellofirebase01.release.xcconfig */;
			buildSettings = {
				ASSETCATALOG_COMPILER_APPICON_NAME = AppIcon;
				CODE_SIGN_STYLE = Automatic;
				DEVELOPMENT_TEAM = XSVW22JPST;
				INFOPLIST_FILE = hellofirebase01/Info.plist;
				LD_RUNPATH_SEARCH_PATHS = (
					"$(inherited)",
					"@executable_path/Frameworks",
				);
				PRODUCT_BUNDLE_IDENTIFIER = idev.sjw.hellofirebase01;
				PRODUCT_NAME = "$(TARGET_NAME)";
				SWIFT_VERSION = 5.0;
				TARGETED_DEVICE_FAMILY = "1,2";
			};
			name = Release;
		};
/* End XCBuildConfiguration section */

/* Begin XCConfigurationList section */
		BAFE0C2A23A47CD30033C39A /* Build configuration list for PBXProject "hellofirebase01" */ = {
			isa = XCConfigurationList;
			buildConfigurations = (
				BAFE0C4123A47CD50033C39A /* Debug */,
				BAFE0C4223A47CD50033C39A /* Release */,
			);
			defaultConfigurationIsVisible = 0;
			defaultConfigurationName = Release;
		};
		BAFE0C4323A47CD50033C39A /* Build configuration list for PBXNativeTarget "hellofirebase01" */ = {
			isa = XCConfigurationList;
			buildConfigurations = (
				BAFE0C4423A47CD50033C39A /* Debug */,
				BAFE0C4523A47CD50033C39A /* Release */,
			);
			defaultConfigurationIsVisible = 0;
			defaultConfigurationName = Release;
		};
/* End XCConfigurationList section */
	};
	rootObject = BAFE0C2723A47CD30033C39A /* Project object */;
}
